Microsoft Visual Studio Solution File, Format Version 12.00
# Visual Studio Version 17
VisualStudioVersion = 17.5.2.0
MinimumVisualStudioVersion = 10.0.40219.1
Project("{FAE04EC0-301F-11D3-BF4B-00C04F79EFBC}") = "Elevens-Project", "Elevens-Project.csproj", "{87C17A78-2B36-7794-6EF4-9825BDBBE82D}"
EndProject
Global
	GlobalSection(SolutionConfigurationPlatforms) = preSolution
		Debug|Any CPU = Debug|Any CPU
		Release|Any CPU = Release|Any CPU
	EndGlobalSection
	GlobalSection(ProjectConfigurationPlatforms) = postSolution
		{87C17A78-2B36-7794-6EF4-9825BDBBE82D}.Debug|Any CPU.ActiveCfg = Debug|Any CPU
		{87C17A78-2B36-7794-6EF4-9825BDBBE82D}.Debug|Any CPU.Build.0 = Debug|Any CPU
		{87C17A78-2B36-7794-6EF4-9825BDBBE82D}.Release|Any CPU.ActiveCfg = Release|Any CPU
		{87C17A78-2B36-7794-6EF4-9825BDBBE82D}.Release|Any CPU.Build.0 = Release|Any CPU
	EndGlobalSection
	GlobalSection(SolutionProperties) = preSolution
		HideSolutionNode = FALSE
	EndGlobalSection
	GlobalSection(ExtensibilityGlobals) = postSolution
		SolutionGuid = {E77B6B48-E6F5-4CFC-9DFA-01F200B510F6}
	EndGlobalSection
EndGlobal
